// !$*UTF8*$!
{
	archiveVersion = 1;
	classes = {
	};
	objectVersion = 56;
	objects = {

/* Begin PBXBuildFile section */
		AD451BAF2B2E512F00430BAE /* FieldsDTO.swift in Sources */ = {isa = PBXBuildFile; fileRef = AD451BAE2B2E512F00430BAE /* FieldsDTO.swift */; };
		AD451BB12B2EF6F700430BAE /* ToiletsListCellView.swift in Sources */ = {isa = PBXBuildFile; fileRef = AD451BB02B2EF6F700430BAE /* ToiletsListCellView.swift */; };
		AD451BB32B2EF70E00430BAE /* ToiletsListCellViewModel.swift in Sources */ = {isa = PBXBuildFile; fileRef = AD451BB22B2EF70E00430BAE /* ToiletsListCellViewModel.swift */; };
		AD451BB52B2F03AF00430BAE /* Tools.swift in Sources */ = {isa = PBXBuildFile; fileRef = AD451BB42B2F03AF00430BAE /* Tools.swift */; };
		AD451BB72B2F202A00430BAE /* ToiletsListCellViewModelTest.swift in Sources */ = {isa = PBXBuildFile; fileRef = AD451BB62B2F202A00430BAE /* ToiletsListCellViewModelTest.swift */; };
		AD451BB92B2F238800430BAE /* ToiletsListViewModelTest.swift in Sources */ = {isa = PBXBuildFile; fileRef = AD451BB82B2F238800430BAE /* ToiletsListViewModelTest.swift */; };
		AD451BBE2B2F343800430BAE /* FieldDTOTest.swift in Sources */ = {isa = PBXBuildFile; fileRef = AD451BBD2B2F343800430BAE /* FieldDTOTest.swift */; };
		ADAD480E2B2E4C8200972776 /* FLEX in Frameworks */ = {isa = PBXBuildFile; productRef = ADAD480D2B2E4C8200972776 /* FLEX */; };
		ADFAD0B82B2CF02E00F9DB77 /* AppDelegate.swift in Sources */ = {isa = PBXBuildFile; fileRef = ADFAD0B72B2CF02E00F9DB77 /* AppDelegate.swift */; };
		ADFAD0C22B2CF02E00F9DB77 /* WhereAreMyToilets.xcdatamodeld in Sources */ = {isa = PBXBuildFile; fileRef = ADFAD0C02B2CF02E00F9DB77 /* WhereAreMyToilets.xcdatamodeld */; };
		ADFAD0C42B2CF03100F9DB77 /* Assets.xcassets in Resources */ = {isa = PBXBuildFile; fileRef = ADFAD0C32B2CF03100F9DB77 /* Assets.xcassets */; };
		ADFAD0C72B2CF03100F9DB77 /* LaunchScreen.storyboard in Resources */ = {isa = PBXBuildFile; fileRef = ADFAD0C52B2CF03100F9DB77 /* LaunchScreen.storyboard */; };
		ADFAD0ED2B2CF21500F9DB77 /* WhereAreMyToiletsCoordinator.swift in Sources */ = {isa = PBXBuildFile; fileRef = ADFAD0EC2B2CF21500F9DB77 /* WhereAreMyToiletsCoordinator.swift */; };
		ADFAD0F02B2DC86300F9DB77 /* ToiletEndpoint.swift in Sources */ = {isa = PBXBuildFile; fileRef = ADFAD0EF2B2DC86300F9DB77 /* ToiletEndpoint.swift */; };
		ADFAD0F22B2DCB4A00F9DB77 /* ToiletRequest.swift in Sources */ = {isa = PBXBuildFile; fileRef = ADFAD0F12B2DCB4A00F9DB77 /* ToiletRequest.swift */; };
		ADFAD0F82B2DF27B00F9DB77 /* ToiletsDTO.swift in Sources */ = {isa = PBXBuildFile; fileRef = ADFAD0F72B2DF27B00F9DB77 /* ToiletsDTO.swift */; };
		ADFAD0FA2B2E0BA800F9DB77 /* ToiletEndpointTest.swift in Sources */ = {isa = PBXBuildFile; fileRef = ADFAD0F92B2E0BA800F9DB77 /* ToiletEndpointTest.swift */; };
		ADFAD0FC2B2E0F3F00F9DB77 /* ToiletsDTOTest.swift in Sources */ = {isa = PBXBuildFile; fileRef = ADFAD0FB2B2E0F3F00F9DB77 /* ToiletsDTOTest.swift */; };
		ADFAD0FE2B2E134D00F9DB77 /* ResultApiDTO.swift in Sources */ = {isa = PBXBuildFile; fileRef = ADFAD0FD2B2E134D00F9DB77 /* ResultApiDTO.swift */; };
		ADFAD1002B2E197F00F9DB77 /* ResultApiDTOTest.swift in Sources */ = {isa = PBXBuildFile; fileRef = ADFAD0FF2B2E197F00F9DB77 /* ResultApiDTOTest.swift */; };
		ADFAD1022B2E1CBF00F9DB77 /* ToiletRequestTest.swift in Sources */ = {isa = PBXBuildFile; fileRef = ADFAD1012B2E1CBF00F9DB77 /* ToiletRequestTest.swift */; };
		ADFAD10C2B2E2CA100F9DB77 /* ToiletsListViewModel.swift in Sources */ = {isa = PBXBuildFile; fileRef = ADFAD10B2B2E2CA100F9DB77 /* ToiletsListViewModel.swift */; };
		ADFAD10E2B2E2CBC00F9DB77 /* ToiletsListView.swift in Sources */ = {isa = PBXBuildFile; fileRef = ADFAD10D2B2E2CBC00F9DB77 /* ToiletsListView.swift */; };
		ADFAD1112B2E31D700F9DB77 /* TabBarCoordinator.swift in Sources */ = {isa = PBXBuildFile; fileRef = ADFAD1102B2E31D700F9DB77 /* TabBarCoordinator.swift */; };
/* End PBXBuildFile section */

/* Begin PBXContainerItemProxy section */
		ADFAD0CE2B2CF03100F9DB77 /* PBXContainerItemProxy */ = {
			isa = PBXContainerItemProxy;
			containerPortal = ADFAD0AC2B2CF02E00F9DB77 /* Project object */;
			proxyType = 1;
			remoteGlobalIDString = ADFAD0B32B2CF02E00F9DB77;
			remoteInfo = WhereAreMyToilets;
		};
/* End PBXContainerItemProxy section */

/* Begin PBXFileReference section */
		AD451BAE2B2E512F00430BAE /* FieldsDTO.swift */ = {isa = PBXFileReference; lastKnownFileType = sourcecode.swift; path = FieldsDTO.swift; sourceTree = "<group>"; };
		AD451BB02B2EF6F700430BAE /* ToiletsListCellView.swift */ = {isa = PBXFileReference; lastKnownFileType = sourcecode.swift; path = ToiletsListCellView.swift; sourceTree = "<group>"; };
		AD451BB22B2EF70E00430BAE /* ToiletsListCellViewModel.swift */ = {isa = PBXFileReference; lastKnownFileType = sourcecode.swift; path = ToiletsListCellViewModel.swift; sourceTree = "<group>"; };
		AD451BB42B2F03AF00430BAE /* Tools.swift */ = {isa = PBXFileReference; lastKnownFileType = sourcecode.swift; path = Tools.swift; sourceTree = "<group>"; };
		AD451BB62B2F202A00430BAE /* ToiletsListCellViewModelTest.swift */ = {isa = PBXFileReference; lastKnownFileType = sourcecode.swift; path = ToiletsListCellViewModelTest.swift; sourceTree = "<group>"; };
		AD451BB82B2F238800430BAE /* ToiletsListViewModelTest.swift */ = {isa = PBXFileReference; lastKnownFileType = sourcecode.swift; path = ToiletsListViewModelTest.swift; sourceTree = "<group>"; };
		AD451BBD2B2F343800430BAE /* FieldDTOTest.swift */ = {isa = PBXFileReference; lastKnownFileType = sourcecode.swift; path = FieldDTOTest.swift; sourceTree = "<group>"; };
		ADFAD0B42B2CF02E00F9DB77 /* WhereAreMyToilets.app */ = {isa = PBXFileReference; explicitFileType = wrapper.application; includeInIndex = 0; path = WhereAreMyToilets.app; sourceTree = BUILT_PRODUCTS_DIR; };
		ADFAD0B72B2CF02E00F9DB77 /* AppDelegate.swift */ = {isa = PBXFileReference; lastKnownFileType = sourcecode.swift; path = AppDelegate.swift; sourceTree = "<group>"; };
		ADFAD0C12B2CF02E00F9DB77 /* WhereAreMyToilets.xcdatamodel */ = {isa = PBXFileReference; lastKnownFileType = wrapper.xcdatamodel; path = WhereAreMyToilets.xcdatamodel; sourceTree = "<group>"; };
		ADFAD0C32B2CF03100F9DB77 /* Assets.xcassets */ = {isa = PBXFileReference; lastKnownFileType = folder.assetcatalog; path = Assets.xcassets; sourceTree = "<group>"; };
		ADFAD0C62B2CF03100F9DB77 /* Base */ = {isa = PBXFileReference; lastKnownFileType = file.storyboard; name = Base; path = Base.lproj/LaunchScreen.storyboard; sourceTree = "<group>"; };
		ADFAD0C82B2CF03100F9DB77 /* Info.plist */ = {isa = PBXFileReference; lastKnownFileType = text.plist.xml; path = Info.plist; sourceTree = "<group>"; };
		ADFAD0CD2B2CF03100F9DB77 /* WhereAreMyToiletsTests.xctest */ = {isa = PBXFileReference; explicitFileType = wrapper.cfbundle; includeInIndex = 0; path = WhereAreMyToiletsTests.xctest; sourceTree = BUILT_PRODUCTS_DIR; };
		ADFAD0EC2B2CF21500F9DB77 /* WhereAreMyToiletsCoordinator.swift */ = {isa = PBXFileReference; lastKnownFileType = sourcecode.swift; path = WhereAreMyToiletsCoordinator.swift; sourceTree = "<group>"; };
		ADFAD0EF2B2DC86300F9DB77 /* ToiletEndpoint.swift */ = {isa = PBXFileReference; lastKnownFileType = sourcecode.swift; path = ToiletEndpoint.swift; sourceTree = "<group>"; };
		ADFAD0F12B2DCB4A00F9DB77 /* ToiletRequest.swift */ = {isa = PBXFileReference; lastKnownFileType = sourcecode.swift; path = ToiletRequest.swift; sourceTree = "<group>"; };
		ADFAD0F72B2DF27B00F9DB77 /* ToiletsDTO.swift */ = {isa = PBXFileReference; lastKnownFileType = sourcecode.swift; path = ToiletsDTO.swift; sourceTree = "<group>"; };
		ADFAD0F92B2E0BA800F9DB77 /* ToiletEndpointTest.swift */ = {isa = PBXFileReference; lastKnownFileType = sourcecode.swift; path = ToiletEndpointTest.swift; sourceTree = "<group>"; };
		ADFAD0FB2B2E0F3F00F9DB77 /* ToiletsDTOTest.swift */ = {isa = PBXFileReference; lastKnownFileType = sourcecode.swift; path = ToiletsDTOTest.swift; sourceTree = "<group>"; };
		ADFAD0FD2B2E134D00F9DB77 /* ResultApiDTO.swift */ = {isa = PBXFileReference; lastKnownFileType = sourcecode.swift; path = ResultApiDTO.swift; sourceTree = "<group>"; };
		ADFAD0FF2B2E197F00F9DB77 /* ResultApiDTOTest.swift */ = {isa = PBXFileReference; lastKnownFileType = sourcecode.swift; path = ResultApiDTOTest.swift; sourceTree = "<group>"; };
		ADFAD1012B2E1CBF00F9DB77 /* ToiletRequestTest.swift */ = {isa = PBXFileReference; lastKnownFileType = sourcecode.swift; path = ToiletRequestTest.swift; sourceTree = "<group>"; };
		ADFAD10B2B2E2CA100F9DB77 /* ToiletsListViewModel.swift */ = {isa = PBXFileReference; lastKnownFileType = sourcecode.swift; path = ToiletsListViewModel.swift; sourceTree = "<group>"; };
		ADFAD10D2B2E2CBC00F9DB77 /* ToiletsListView.swift */ = {isa = PBXFileReference; lastKnownFileType = sourcecode.swift; path = ToiletsListView.swift; sourceTree = "<group>"; };
		ADFAD1102B2E31D700F9DB77 /* TabBarCoordinator.swift */ = {isa = PBXFileReference; lastKnownFileType = sourcecode.swift; path = TabBarCoordinator.swift; sourceTree = "<group>"; };
/* End PBXFileReference section */

/* Begin PBXFrameworksBuildPhase section */
		ADFAD0B12B2CF02E00F9DB77 /* Frameworks */ = {
			isa = PBXFrameworksBuildPhase;
			buildActionMask = 2147483647;
			files = (
				ADAD480E2B2E4C8200972776 /* FLEX in Frameworks */,
			);
			runOnlyForDeploymentPostprocessing = 0;
		};
		ADFAD0CA2B2CF03100F9DB77 /* Frameworks */ = {
			isa = PBXFrameworksBuildPhase;
			buildActionMask = 2147483647;
			files = (
			);
			runOnlyForDeploymentPostprocessing = 0;
		};
/* End PBXFrameworksBuildPhase section */

/* Begin PBXGroup section */
		AD451BBA2B2F33F400430BAE /* ToiletsList */ = {
			isa = PBXGroup;
			children = (
				AD451BBC2B2F340800430BAE /* ViewModel */,
				AD451BBB2B2F33FC00430BAE /* CellViewModel */,
			);
			path = ToiletsList;
			sourceTree = "<group>";
		};
		AD451BBB2B2F33FC00430BAE /* CellViewModel */ = {
			isa = PBXGroup;
			children = (
				AD451BB62B2F202A00430BAE /* ToiletsListCellViewModelTest.swift */,
			);
			path = CellViewModel;
			sourceTree = "<group>";
		};
		AD451BBC2B2F340800430BAE /* ViewModel */ = {
			isa = PBXGroup;
			children = (
				AD451BB82B2F238800430BAE /* ToiletsListViewModelTest.swift */,
			);
			path = ViewModel;
			sourceTree = "<group>";
		};
		ADFAD0AB2B2CF02E00F9DB77 = {
			isa = PBXGroup;
			children = (
				ADFAD0B62B2CF02E00F9DB77 /* WhereAreMyToilets */,
				ADFAD0D02B2CF03100F9DB77 /* WhereAreMyToiletsTests */,
				ADFAD0B52B2CF02E00F9DB77 /* Products */,
			);
			sourceTree = "<group>";
		};
		ADFAD0B52B2CF02E00F9DB77 /* Products */ = {
			isa = PBXGroup;
			children = (
				ADFAD0B42B2CF02E00F9DB77 /* WhereAreMyToilets.app */,
				ADFAD0CD2B2CF03100F9DB77 /* WhereAreMyToiletsTests.xctest */,
			);
			name = Products;
			sourceTree = "<group>";
		};
		ADFAD0B62B2CF02E00F9DB77 /* WhereAreMyToilets */ = {
			isa = PBXGroup;
			children = (
				ADFAD1052B2E2C5500F9DB77 /* ToiletsList */,
				ADFAD0F52B2DF25800F9DB77 /* Models */,
				ADFAD0EE2B2DB8E100F9DB77 /* Network */,
				ADFAD0EB2B2CF1E000F9DB77 /* Coordinator */,
				ADFAD0B72B2CF02E00F9DB77 /* AppDelegate.swift */,
				ADFAD0C32B2CF03100F9DB77 /* Assets.xcassets */,
				ADFAD0C52B2CF03100F9DB77 /* LaunchScreen.storyboard */,
				ADFAD0C82B2CF03100F9DB77 /* Info.plist */,
				ADFAD0C02B2CF02E00F9DB77 /* WhereAreMyToilets.xcdatamodeld */,
				AD451BB42B2F03AF00430BAE /* Tools.swift */,
			);
			path = WhereAreMyToilets;
			sourceTree = "<group>";
		};
		ADFAD0D02B2CF03100F9DB77 /* WhereAreMyToiletsTests */ = {
			isa = PBXGroup;
			children = (
				AD451BBA2B2F33F400430BAE /* ToiletsList */,
				ADFAD1042B2E2ABC00F9DB77 /* Network */,
				ADFAD1032B2E2AB400F9DB77 /* Models */,
			);
			path = WhereAreMyToiletsTests;
			sourceTree = "<group>";
		};
		ADFAD0EB2B2CF1E000F9DB77 /* Coordinator */ = {
			isa = PBXGroup;
			children = (
				ADFAD0EC2B2CF21500F9DB77 /* WhereAreMyToiletsCoordinator.swift */,
				ADFAD1102B2E31D700F9DB77 /* TabBarCoordinator.swift */,
			);
			path = Coordinator;
			sourceTree = "<group>";
		};
		ADFAD0EE2B2DB8E100F9DB77 /* Network */ = {
			isa = PBXGroup;
			children = (
				ADFAD0EF2B2DC86300F9DB77 /* ToiletEndpoint.swift */,
				ADFAD0F12B2DCB4A00F9DB77 /* ToiletRequest.swift */,
			);
			path = Network;
			sourceTree = "<group>";
		};
		ADFAD0F52B2DF25800F9DB77 /* Models */ = {
			isa = PBXGroup;
			children = (
				ADFAD0F72B2DF27B00F9DB77 /* ToiletsDTO.swift */,
				ADFAD0FD2B2E134D00F9DB77 /* ResultApiDTO.swift */,
				AD451BAE2B2E512F00430BAE /* FieldsDTO.swift */,
			);
			path = Models;
			sourceTree = "<group>";
		};
		ADFAD1032B2E2AB400F9DB77 /* Models */ = {
			isa = PBXGroup;
			children = (
				ADFAD0FB2B2E0F3F00F9DB77 /* ToiletsDTOTest.swift */,
				ADFAD0FF2B2E197F00F9DB77 /* ResultApiDTOTest.swift */,
				AD451BBD2B2F343800430BAE /* FieldDTOTest.swift */,
			);
			path = Models;
			sourceTree = "<group>";
		};
		ADFAD1042B2E2ABC00F9DB77 /* Network */ = {
			isa = PBXGroup;
			children = (
				ADFAD0F92B2E0BA800F9DB77 /* ToiletEndpointTest.swift */,
				ADFAD1012B2E1CBF00F9DB77 /* ToiletRequestTest.swift */,
			);
			path = Network;
			sourceTree = "<group>";
		};
		ADFAD1052B2E2C5500F9DB77 /* ToiletsList */ = {
			isa = PBXGroup;
			children = (
				ADFAD1082B2E2C7800F9DB77 /* Cell */,
				ADFAD1072B2E2C6800F9DB77 /* ViewModel */,
				ADFAD1062B2E2C5F00F9DB77 /* View */,
			);
			path = ToiletsList;
			sourceTree = "<group>";
		};
		ADFAD1062B2E2C5F00F9DB77 /* View */ = {
			isa = PBXGroup;
			children = (
				ADFAD10D2B2E2CBC00F9DB77 /* ToiletsListView.swift */,
			);
			path = View;
			sourceTree = "<group>";
		};
		ADFAD1072B2E2C6800F9DB77 /* ViewModel */ = {
			isa = PBXGroup;
			children = (
				ADFAD10B2B2E2CA100F9DB77 /* ToiletsListViewModel.swift */,
			);
			path = ViewModel;
			sourceTree = "<group>";
		};
		ADFAD1082B2E2C7800F9DB77 /* Cell */ = {
			isa = PBXGroup;
			children = (
				ADFAD10A2B2E2C8300F9DB77 /* ViewModel */,
				ADFAD1092B2E2C7E00F9DB77 /* View */,
			);
			path = Cell;
			sourceTree = "<group>";
		};
		ADFAD1092B2E2C7E00F9DB77 /* View */ = {
			isa = PBXGroup;
			children = (
				AD451BB02B2EF6F700430BAE /* ToiletsListCellView.swift */,
			);
			path = View;
			sourceTree = "<group>";
		};
		ADFAD10A2B2E2C8300F9DB77 /* ViewModel */ = {
			isa = PBXGroup;
			children = (
				AD451BB22B2EF70E00430BAE /* ToiletsListCellViewModel.swift */,
			);
			path = ViewModel;
			sourceTree = "<group>";
		};
/* End PBXGroup section */

/* Begin PBXNativeTarget section */
		ADFAD0B32B2CF02E00F9DB77 /* WhereAreMyToilets */ = {
			isa = PBXNativeTarget;
			buildConfigurationList = ADFAD0E12B2CF03100F9DB77 /* Build configuration list for PBXNativeTarget "WhereAreMyToilets" */;
			buildPhases = (
				ADFAD0B02B2CF02E00F9DB77 /* Sources */,
				ADFAD0B12B2CF02E00F9DB77 /* Frameworks */,
				ADFAD0B22B2CF02E00F9DB77 /* Resources */,
			);
			buildRules = (
			);
			dependencies = (
			);
			name = WhereAreMyToilets;
			packageProductDependencies = (
				ADAD480D2B2E4C8200972776 /* FLEX */,
			);
			productName = WhereAreMyToilets;
			productReference = ADFAD0B42B2CF02E00F9DB77 /* WhereAreMyToilets.app */;
			productType = "com.apple.product-type.application";
		};
		ADFAD0CC2B2CF03100F9DB77 /* WhereAreMyToiletsTests */ = {
			isa = PBXNativeTarget;
			buildConfigurationList = ADFAD0E42B2CF03100F9DB77 /* Build configuration list for PBXNativeTarget "WhereAreMyToiletsTests" */;
			buildPhases = (
				ADFAD0C92B2CF03100F9DB77 /* Sources */,
				ADFAD0CA2B2CF03100F9DB77 /* Frameworks */,
				ADFAD0CB2B2CF03100F9DB77 /* Resources */,
			);
			buildRules = (
			);
			dependencies = (
				ADFAD0CF2B2CF03100F9DB77 /* PBXTargetDependency */,
			);
			name = WhereAreMyToiletsTests;
			productName = WhereAreMyToiletsTests;
			productReference = ADFAD0CD2B2CF03100F9DB77 /* WhereAreMyToiletsTests.xctest */;
			productType = "com.apple.product-type.bundle.unit-test";
		};
/* End PBXNativeTarget section */

/* Begin PBXProject section */
		ADFAD0AC2B2CF02E00F9DB77 /* Project object */ = {
			isa = PBXProject;
			attributes = {
				BuildIndependentTargetsInParallel = 1;
				LastSwiftUpdateCheck = 1510;
				LastUpgradeCheck = 1510;
				TargetAttributes = {
					ADFAD0B32B2CF02E00F9DB77 = {
						CreatedOnToolsVersion = 15.1;
					};
					ADFAD0CC2B2CF03100F9DB77 = {
						CreatedOnToolsVersion = 15.1;
						TestTargetID = ADFAD0B32B2CF02E00F9DB77;
					};
				};
			};
			buildConfigurationList = ADFAD0AF2B2CF02E00F9DB77 /* Build configuration list for PBXProject "WhereAreMyToilets" */;
			compatibilityVersion = "Xcode 14.0";
			developmentRegion = en;
			hasScannedForEncodings = 0;
			knownRegions = (
				en,
				Base,
			);
			mainGroup = ADFAD0AB2B2CF02E00F9DB77;
			packageReferences = (
				ADAD480C2B2E4C8100972776 /* XCRemoteSwiftPackageReference "FLEX" */,
			);
			productRefGroup = ADFAD0B52B2CF02E00F9DB77 /* Products */;
			projectDirPath = "";
			projectRoot = "";
			targets = (
				ADFAD0B32B2CF02E00F9DB77 /* WhereAreMyToilets */,
				ADFAD0CC2B2CF03100F9DB77 /* WhereAreMyToiletsTests */,
			);
		};
/* End PBXProject section */

/* Begin PBXResourcesBuildPhase section */
		ADFAD0B22B2CF02E00F9DB77 /* Resources */ = {
			isa = PBXResourcesBuildPhase;
			buildActionMask = 2147483647;
			files = (
				ADFAD0C72B2CF03100F9DB77 /* LaunchScreen.storyboard in Resources */,
				ADFAD0C42B2CF03100F9DB77 /* Assets.xcassets in Resources */,
			);
			runOnlyForDeploymentPostprocessing = 0;
		};
		ADFAD0CB2B2CF03100F9DB77 /* Resources */ = {
			isa = PBXResourcesBuildPhase;
			buildActionMask = 2147483647;
			files = (
			);
			runOnlyForDeploymentPostprocessing = 0;
		};
/* End PBXResourcesBuildPhase section */

/* Begin PBXSourcesBuildPhase section */
		ADFAD0B02B2CF02E00F9DB77 /* Sources */ = {
			isa = PBXSourcesBuildPhase;
			buildActionMask = 2147483647;
			files = (
				ADFAD0F22B2DCB4A00F9DB77 /* ToiletRequest.swift in Sources */,
				ADFAD10C2B2E2CA100F9DB77 /* ToiletsListViewModel.swift in Sources */,
				ADFAD0FE2B2E134D00F9DB77 /* ResultApiDTO.swift in Sources */,
				ADFAD0B82B2CF02E00F9DB77 /* AppDelegate.swift in Sources */,
				AD451BAF2B2E512F00430BAE /* FieldsDTO.swift in Sources */,
				AD451BB32B2EF70E00430BAE /* ToiletsListCellViewModel.swift in Sources */,
				ADFAD0F82B2DF27B00F9DB77 /* ToiletsDTO.swift in Sources */,
				ADFAD0ED2B2CF21500F9DB77 /* WhereAreMyToiletsCoordinator.swift in Sources */,
				AD451BB12B2EF6F700430BAE /* ToiletsListCellView.swift in Sources */,
				ADFAD0C22B2CF02E00F9DB77 /* WhereAreMyToilets.xcdatamodeld in Sources */,
				ADFAD10E2B2E2CBC00F9DB77 /* ToiletsListView.swift in Sources */,
				AD451BB52B2F03AF00430BAE /* Tools.swift in Sources */,
				ADFAD1112B2E31D700F9DB77 /* TabBarCoordinator.swift in Sources */,
				ADFAD0F02B2DC86300F9DB77 /* ToiletEndpoint.swift in Sources */,
			);
			runOnlyForDeploymentPostprocessing = 0;
		};
		ADFAD0C92B2CF03100F9DB77 /* Sources */ = {
			isa = PBXSourcesBuildPhase;
			buildActionMask = 2147483647;
			files = (
				ADFAD1022B2E1CBF00F9DB77 /* ToiletRequestTest.swift in Sources */,
				AD451BB92B2F238800430BAE /* ToiletsListViewModelTest.swift in Sources */,
				ADFAD1002B2E197F00F9DB77 /* ResultApiDTOTest.swift in Sources */,
				AD451BBE2B2F343800430BAE /* FieldDTOTest.swift in Sources */,
				ADFAD0FA2B2E0BA800F9DB77 /* ToiletEndpointTest.swift in Sources */,
				AD451BB72B2F202A00430BAE /* ToiletsListCellViewModelTest.swift in Sources */,
				ADFAD0FC2B2E0F3F00F9DB77 /* ToiletsDTOTest.swift in Sources */,
			);
			runOnlyForDeploymentPostprocessing = 0;
		};
/* End PBXSourcesBuildPhase section */

/* Begin PBXTargetDependency section */
		ADFAD0CF2B2CF03100F9DB77 /* PBXTargetDependency */ = {
			isa = PBXTargetDependency;
			target = ADFAD0B32B2CF02E00F9DB77 /* WhereAreMyToilets */;
			targetProxy = ADFAD0CE2B2CF03100F9DB77 /* PBXContainerItemProxy */;
		};
/* End PBXTargetDependency section */

/* Begin PBXVariantGroup section */
		ADFAD0C52B2CF03100F9DB77 /* LaunchScreen.storyboard */ = {
			isa = PBXVariantGroup;
			children = (
				ADFAD0C62B2CF03100F9DB77 /* Base */,
			);
			name = LaunchScreen.storyboard;
			sourceTree = "<group>";
		};
/* End PBXVariantGroup section */

/* Begin XCBuildConfiguration section */
		ADFAD0DF2B2CF03100F9DB77 /* Debug */ = {
			isa = XCBuildConfiguration;
			buildSettings = {
				ALWAYS_SEARCH_USER_PATHS = NO;
				ASSETCATALOG_COMPILER_GENERATE_SWIFT_ASSET_SYMBOL_EXTENSIONS = YES;
				CLANG_ANALYZER_NONNULL = YES;
				CLANG_ANALYZER_NUMBER_OBJECT_CONVERSION = YES_AGGRESSIVE;
				CLANG_CXX_LANGUAGE_STANDARD = "gnu++20";
				CLANG_ENABLE_MODULES = YES;
				CLANG_ENABLE_OBJC_ARC = YES;
				CLANG_ENABLE_OBJC_WEAK = YES;
				CLANG_WARN_BLOCK_CAPTURE_AUTORELEASING = YES;
				CLANG_WARN_BOOL_CONVERSION = YES;
				CLANG_WARN_COMMA = YES;
				CLANG_WARN_CONSTANT_CONVERSION = YES;
				CLANG_WARN_DEPRECATED_OBJC_IMPLEMENTATIONS = YES;
				CLANG_WARN_DIRECT_OBJC_ISA_USAGE = YES_ERROR;
				CLANG_WARN_DOCUMENTATION_COMMENTS = YES;
				CLANG_WARN_EMPTY_BODY = YES;
				CLANG_WARN_ENUM_CONVERSION = YES;
				CLANG_WARN_INFINITE_RECURSION = YES;
				CLANG_WARN_INT_CONVERSION = YES;
				CLANG_WARN_NON_LITERAL_NULL_CONVERSION = YES;
				CLANG_WARN_OBJC_IMPLICIT_RETAIN_SELF = YES;
				CLANG_WARN_OBJC_LITERAL_CONVERSION = YES;
				CLANG_WARN_OBJC_ROOT_CLASS = YES_ERROR;
				CLANG_WARN_QUOTED_INCLUDE_IN_FRAMEWORK_HEADER = YES;
				CLANG_WARN_RANGE_LOOP_ANALYSIS = YES;
				CLANG_WARN_STRICT_PROTOTYPES = YES;
				CLANG_WARN_SUSPICIOUS_MOVE = YES;
				CLANG_WARN_UNGUARDED_AVAILABILITY = YES_AGGRESSIVE;
				CLANG_WARN_UNREACHABLE_CODE = YES;
				CLANG_WARN__DUPLICATE_METHOD_MATCH = YES;
				COPY_PHASE_STRIP = NO;
				DEBUG_INFORMATION_FORMAT = dwarf;
				ENABLE_STRICT_OBJC_MSGSEND = YES;
				ENABLE_TESTABILITY = YES;
				ENABLE_USER_SCRIPT_SANDBOXING = YES;
				GCC_C_LANGUAGE_STANDARD = gnu17;
				GCC_DYNAMIC_NO_PIC = NO;
				GCC_NO_COMMON_BLOCKS = YES;
				GCC_OPTIMIZATION_LEVEL = 0;
				GCC_PREPROCESSOR_DEFINITIONS = (
					"DEBUG=1",
					"$(inherited)",
				);
				GCC_WARN_64_TO_32_BIT_CONVERSION = YES;
				GCC_WARN_ABOUT_RETURN_TYPE = YES_ERROR;
				GCC_WARN_UNDECLARED_SELECTOR = YES;
				GCC_WARN_UNINITIALIZED_AUTOS = YES_AGGRESSIVE;
				GCC_WARN_UNUSED_FUNCTION = YES;
				GCC_WARN_UNUSED_VARIABLE = YES;
				IPHONEOS_DEPLOYMENT_TARGET = 15.0;
				LOCALIZATION_PREFERS_STRING_CATALOGS = YES;
				MTL_ENABLE_DEBUG_INFO = INCLUDE_SOURCE;
				MTL_FAST_MATH = YES;
				ONLY_ACTIVE_ARCH = YES;
				SDKROOT = iphoneos;
				SWIFT_ACTIVE_COMPILATION_CONDITIONS = "DEBUG $(inherited)";
				SWIFT_OPTIMIZATION_LEVEL = "-Onone";
			};
			name = Debug;
		};
		ADFAD0E02B2CF03100F9DB77 /* Release */ = {
			isa = XCBuildConfiguration;
			buildSettings = {
				ALWAYS_SEARCH_USER_PATHS = NO;
				ASSETCATALOG_COMPILER_GENERATE_SWIFT_ASSET_SYMBOL_EXTENSIONS = YES;
				CLANG_ANALYZER_NONNULL = YES;
				CLANG_ANALYZER_NUMBER_OBJECT_CONVERSION = YES_AGGRESSIVE;
				CLANG_CXX_LANGUAGE_STANDARD = "gnu++20";
				CLANG_ENABLE_MODULES = YES;
				CLANG_ENABLE_OBJC_ARC = YES;
				CLANG_ENABLE_OBJC_WEAK = YES;
				CLANG_WARN_BLOCK_CAPTURE_AUTORELEASING = YES;
				CLANG_WARN_BOOL_CONVERSION = YES;
				CLANG_WARN_COMMA = YES;
				CLANG_WARN_CONSTANT_CONVERSION = YES;
				CLANG_WARN_DEPRECATED_OBJC_IMPLEMENTATIONS = YES;
				CLANG_WARN_DIRECT_OBJC_ISA_USAGE = YES_ERROR;
				CLANG_WARN_DOCUMENTATION_COMMENTS = YES;
				CLANG_WARN_EMPTY_BODY = YES;
				CLANG_WARN_ENUM_CONVERSION = YES;
				CLANG_WARN_INFINITE_RECURSION = YES;
				CLANG_WARN_INT_CONVERSION = YES;
				CLANG_WARN_NON_LITERAL_NULL_CONVERSION = YES;
				CLANG_WARN_OBJC_IMPLICIT_RETAIN_SELF = YES;
				CLANG_WARN_OBJC_LITERAL_CONVERSION = YES;
				CLANG_WARN_OBJC_ROOT_CLASS = YES_ERROR;
				CLANG_WARN_QUOTED_INCLUDE_IN_FRAMEWORK_HEADER = YES;
				CLANG_WARN_RANGE_LOOP_ANALYSIS = YES;
				CLANG_WARN_STRICT_PROTOTYPES = YES;
				CLANG_WARN_SUSPICIOUS_MOVE = YES;
				CLANG_WARN_UNGUARDED_AVAILABILITY = YES_AGGRESSIVE;
				CLANG_WARN_UNREACHABLE_CODE = YES;
				CLANG_WARN__DUPLICATE_METHOD_MATCH = YES;
				COPY_PHASE_STRIP = NO;
				DEBUG_INFORMATION_FORMAT = "dwarf-with-dsym";
				ENABLE_NS_ASSERTIONS = NO;
				ENABLE_STRICT_OBJC_MSGSEND = YES;
				ENABLE_USER_SCRIPT_SANDBOXING = YES;
				GCC_C_LANGUAGE_STANDARD = gnu17;
				GCC_NO_COMMON_BLOCKS = YES;
				GCC_WARN_64_TO_32_BIT_CONVERSION = YES;
				GCC_WARN_ABOUT_RETURN_TYPE = YES_ERROR;
				GCC_WARN_UNDECLARED_SELECTOR = YES;
				GCC_WARN_UNINITIALIZED_AUTOS = YES_AGGRESSIVE;
				GCC_WARN_UNUSED_FUNCTION = YES;
				GCC_WARN_UNUSED_VARIABLE = YES;
				IPHONEOS_DEPLOYMENT_TARGET = 15.0;
				LOCALIZATION_PREFERS_STRING_CATALOGS = YES;
				MTL_ENABLE_DEBUG_INFO = NO;
				MTL_FAST_MATH = YES;
				SDKROOT = iphoneos;
				SWIFT_COMPILATION_MODE = wholemodule;
				VALIDATE_PRODUCT = YES;
			};
			name = Release;
		};
		ADFAD0E22B2CF03100F9DB77 /* Debug */ = {
			isa = XCBuildConfiguration;
			buildSettings = {
				ASSETCATALOG_COMPILER_APPICON_NAME = AppIcon;
				ASSETCATALOG_COMPILER_GLOBAL_ACCENT_COLOR_NAME = AccentColor;
				CODE_SIGN_STYLE = Automatic;
				CURRENT_PROJECT_VERSION = 1;
				GENERATE_INFOPLIST_FILE = YES;
				INFOPLIST_FILE = WhereAreMyToilets/Info.plist;
				INFOPLIST_KEY_UIApplicationSupportsIndirectInputEvents = YES;
				INFOPLIST_KEY_UILaunchStoryboardName = LaunchScreen;
				INFOPLIST_KEY_UISupportedInterfaceOrientations_iPad = "UIInterfaceOrientationPortrait UIInterfaceOrientationPortraitUpsideDown UIInterfaceOrientationLandscapeLeft UIInterfaceOrientationLandscapeRight";
				INFOPLIST_KEY_UISupportedInterfaceOrientations_iPhone = "UIInterfaceOrientationPortrait UIInterfaceOrientationLandscapeLeft UIInterfaceOrientationLandscapeRight";
				LD_RUNPATH_SEARCH_PATHS = (
					"$(inherited)",
					"@executable_path/Frameworks",
				);
				MARKETING_VERSION = 1.0;
				PRODUCT_BUNDLE_IDENTIFIER = me.WhereAreMyToilets;
				PRODUCT_NAME = "$(TARGET_NAME)";
				SWIFT_EMIT_LOC_STRINGS = YES;
				SWIFT_VERSION = 5.0;
				TARGETED_DEVICE_FAMILY = "1,2";
			};
			name = Debug;
		};
		ADFAD0E32B2CF03100F9DB77 /* Release */ = {
			isa = XCBuildConfiguration;
			buildSettings = {
				ASSETCATALOG_COMPILER_APPICON_NAME = AppIcon;
				ASSETCATALOG_COMPILER_GLOBAL_ACCENT_COLOR_NAME = AccentColor;
				CODE_SIGN_STYLE = Automatic;
				CURRENT_PROJECT_VERSION = 1;
				GENERATE_INFOPLIST_FILE = YES;
				INFOPLIST_FILE = WhereAreMyToilets/Info.plist;
				INFOPLIST_KEY_UIApplicationSupportsIndirectInputEvents = YES;
				INFOPLIST_KEY_UILaunchStoryboardName = LaunchScreen;
				INFOPLIST_KEY_UISupportedInterfaceOrientations_iPad = "UIInterfaceOrientationPortrait UIInterfaceOrientationPortraitUpsideDown UIInterfaceOrientationLandscapeLeft UIInterfaceOrientationLandscapeRight";
				INFOPLIST_KEY_UISupportedInterfaceOrientations_iPhone = "UIInterfaceOrientationPortrait UIInterfaceOrientationLandscapeLeft UIInterfaceOrientationLandscapeRight";
				LD_RUNPATH_SEARCH_PATHS = (
					"$(inherited)",
					"@executable_path/Frameworks",
				);
				MARKETING_VERSION = 1.0;
				PRODUCT_BUNDLE_IDENTIFIER = me.WhereAreMyToilets;
				PRODUCT_NAME = "$(TARGET_NAME)";
				SWIFT_EMIT_LOC_STRINGS = YES;
				SWIFT_VERSION = 5.0;
				TARGETED_DEVICE_FAMILY = "1,2";
			};
			name = Release;
		};
		ADFAD0E52B2CF03100F9DB77 /* Debug */ = {
			isa = XCBuildConfiguration;
			buildSettings = {
				ALWAYS_EMBED_SWIFT_STANDARD_LIBRARIES = YES;
				BUNDLE_LOADER = "$(TEST_HOST)";
				CODE_SIGN_STYLE = Automatic;
				CURRENT_PROJECT_VERSION = 1;
				GENERATE_INFOPLIST_FILE = YES;
				IPHONEOS_DEPLOYMENT_TARGET = 17.2;
				MARKETING_VERSION = 1.0;
				PRODUCT_BUNDLE_IDENTIFIER = me.WhereAreMyToiletsTests;
				PRODUCT_NAME = "$(TARGET_NAME)";
				SWIFT_EMIT_LOC_STRINGS = NO;
				SWIFT_VERSION = 5.0;
				TARGETED_DEVICE_FAMILY = "1,2";
				TEST_HOST = "$(BUILT_PRODUCTS_DIR)/WhereAreMyToilets.app/$(BUNDLE_EXECUTABLE_FOLDER_PATH)/WhereAreMyToilets";
			};
			name = Debug;
		};
		ADFAD0E62B2CF03100F9DB77 /* Release */ = {
			isa = XCBuildConfiguration;
			buildSettings = {
				ALWAYS_EMBED_SWIFT_STANDARD_LIBRARIES = YES;
				BUNDLE_LOADER = "$(TEST_HOST)";
				CODE_SIGN_STYLE = Automatic;
				CURRENT_PROJECT_VERSION = 1;
				GENERATE_INFOPLIST_FILE = YES;
				IPHONEOS_DEPLOYMENT_TARGET = 17.2;
				MARKETING_VERSION = 1.0;
				PRODUCT_BUNDLE_IDENTIFIER = me.WhereAreMyToiletsTests;
				PRODUCT_NAME = "$(TARGET_NAME)";
				SWIFT_EMIT_LOC_STRINGS = NO;
				SWIFT_VERSION = 5.0;
				TARGETED_DEVICE_FAMILY = "1,2";
				TEST_HOST = "$(BUILT_PRODUCTS_DIR)/WhereAreMyToilets.app/$(BUNDLE_EXECUTABLE_FOLDER_PATH)/WhereAreMyToilets";
			};
			name = Release;
		};
/* End XCBuildConfiguration section */

/* Begin XCConfigurationList section */
		ADFAD0AF2B2CF02E00F9DB77 /* Build configuration list for PBXProject "WhereAreMyToilets" */ = {
			isa = XCConfigurationList;
			buildConfigurations = (
				ADFAD0DF2B2CF03100F9DB77 /* Debug */,
				ADFAD0E02B2CF03100F9DB77 /* Release */,
			);
			defaultConfigurationIsVisible = 0;
			defaultConfigurationName = Release;
		};
		ADFAD0E12B2CF03100F9DB77 /* Build configuration list for PBXNativeTarget "WhereAreMyToilets" */ = {
			isa = XCConfigurationList;
			buildConfigurations = (
				ADFAD0E22B2CF03100F9DB77 /* Debug */,
				ADFAD0E32B2CF03100F9DB77 /* Release */,
			);
			defaultConfigurationIsVisible = 0;
			defaultConfigurationName = Release;
		};
		ADFAD0E42B2CF03100F9DB77 /* Build configuration list for PBXNativeTarget "WhereAreMyToiletsTests" */ = {
			isa = XCConfigurationList;
			buildConfigurations = (
				ADFAD0E52B2CF03100F9DB77 /* Debug */,
				ADFAD0E62B2CF03100F9DB77 /* Release */,
			);
			defaultConfigurationIsVisible = 0;
			defaultConfigurationName = Release;
		};
/* End XCConfigurationList section */

/* Begin XCRemoteSwiftPackageReference section */
		ADAD480C2B2E4C8100972776 /* XCRemoteSwiftPackageReference "FLEX" */ = {
			isa = XCRemoteSwiftPackageReference;
			repositoryURL = "https://github.com/FLEXTool/FLEX";
			requirement = {
				kind = upToNextMajorVersion;
				minimumVersion = 5.22.10;
			};
		};
/* End XCRemoteSwiftPackageReference section */

/* Begin XCSwiftPackageProductDependency section */
		ADAD480D2B2E4C8200972776 /* FLEX */ = {
			isa = XCSwiftPackageProductDependency;
			package = ADAD480C2B2E4C8100972776 /* XCRemoteSwiftPackageReference "FLEX" */;
			productName = FLEX;
		};
/* End XCSwiftPackageProductDependency section */

/* Begin XCVersionGroup section */
		ADFAD0C02B2CF02E00F9DB77 /* WhereAreMyToilets.xcdatamodeld */ = {
			isa = XCVersionGroup;
			children = (
				ADFAD0C12B2CF02E00F9DB77 /* WhereAreMyToilets.xcdatamodel */,
			);
			currentVersion = ADFAD0C12B2CF02E00F9DB77 /* WhereAreMyToilets.xcdatamodel */;
			path = WhereAreMyToilets.xcdatamodeld;
			sourceTree = "<group>";
			versionGroupType = wrapper.xcdatamodel;
		};
/* End XCVersionGroup section */
	};
	rootObject = ADFAD0AC2B2CF02E00F9DB77 /* Project object */;
}
