// !$*UTF8*$!
{
	archiveVersion = 1;
	classes = {
	};
	objectVersion = 56;
	objects = {

/* Begin PBXBuildFile section */
		ADFAD0B82B2CF02E00F9DB77 /* AppDelegate.swift in Sources */ = {isa = PBXBuildFile; fileRef = ADFAD0B72B2CF02E00F9DB77 /* AppDelegate.swift */; };
		ADFAD0BA2B2CF02E00F9DB77 /* SceneDelegate.swift in Sources */ = {isa = PBXBuildFile; fileRef = ADFAD0B92B2CF02E00F9DB77 /* SceneDelegate.swift */; };
		ADFAD0BC2B2CF02E00F9DB77 /* ViewController.swift in Sources */ = {isa = PBXBuildFile; fileRef = ADFAD0BB2B2CF02E00F9DB77 /* ViewController.swift */; };
		ADFAD0BF2B2CF02E00F9DB77 /* Main.storyboard in Resources */ = {isa = PBXBuildFile; fileRef = ADFAD0BD2B2CF02E00F9DB77 /* Main.storyboard */; };
		ADFAD0C22B2CF02E00F9DB77 /* WhereAreMyToilets.xcdatamodeld in Sources */ = {isa = PBXBuildFile; fileRef = ADFAD0C02B2CF02E00F9DB77 /* WhereAreMyToilets.xcdatamodeld */; };
		ADFAD0C42B2CF03100F9DB77 /* Assets.xcassets in Resources */ = {isa = PBXBuildFile; fileRef = ADFAD0C32B2CF03100F9DB77 /* Assets.xcassets */; };
		ADFAD0C72B2CF03100F9DB77 /* LaunchScreen.storyboard in Resources */ = {isa = PBXBuildFile; fileRef = ADFAD0C52B2CF03100F9DB77 /* LaunchScreen.storyboard */; };
		ADFAD0D22B2CF03100F9DB77 /* WhereAreMyToiletsTests.swift in Sources */ = {isa = PBXBuildFile; fileRef = ADFAD0D12B2CF03100F9DB77 /* WhereAreMyToiletsTests.swift */; };
		ADFAD0DC2B2CF03100F9DB77 /* WhereAreMyToiletsUITests.swift in Sources */ = {isa = PBXBuildFile; fileRef = ADFAD0DB2B2CF03100F9DB77 /* WhereAreMyToiletsUITests.swift */; };
		ADFAD0DE2B2CF03100F9DB77 /* WhereAreMyToiletsUITestsLaunchTests.swift in Sources */ = {isa = PBXBuildFile; fileRef = ADFAD0DD2B2CF03100F9DB77 /* WhereAreMyToiletsUITestsLaunchTests.swift */; };
/* End PBXBuildFile section */

/* Begin PBXContainerItemProxy section */
		ADFAD0CE2B2CF03100F9DB77 /* PBXContainerItemProxy */ = {
			isa = PBXContainerItemProxy;
			containerPortal = ADFAD0AC2B2CF02E00F9DB77 /* Project object */;
			proxyType = 1;
			remoteGlobalIDString = ADFAD0B32B2CF02E00F9DB77;
			remoteInfo = WhereAreMyToilets;
		};
		ADFAD0D82B2CF03100F9DB77 /* PBXContainerItemProxy */ = {
			isa = PBXContainerItemProxy;
			containerPortal = ADFAD0AC2B2CF02E00F9DB77 /* Project object */;
			proxyType = 1;
			remoteGlobalIDString = ADFAD0B32B2CF02E00F9DB77;
			remoteInfo = WhereAreMyToilets;
		};
/* End PBXContainerItemProxy section */

/* Begin PBXFileReference section */
		ADFAD0B42B2CF02E00F9DB77 /* WhereAreMyToilets.app */ = {isa = PBXFileReference; explicitFileType = wrapper.application; includeInIndex = 0; path = WhereAreMyToilets.app; sourceTree = BUILT_PRODUCTS_DIR; };
		ADFAD0B72B2CF02E00F9DB77 /* AppDelegate.swift */ = {isa = PBXFileReference; lastKnownFileType = sourcecode.swift; path = AppDelegate.swift; sourceTree = "<group>"; };
		ADFAD0B92B2CF02E00F9DB77 /* SceneDelegate.swift */ = {isa = PBXFileReference; lastKnownFileType = sourcecode.swift; path = SceneDelegate.swift; sourceTree = "<group>"; };
		ADFAD0BB2B2CF02E00F9DB77 /* ViewController.swift */ = {isa = PBXFileReference; lastKnownFileType = sourcecode.swift; path = ViewController.swift; sourceTree = "<group>"; };
		ADFAD0BE2B2CF02E00F9DB77 /* Base */ = {isa = PBXFileReference; lastKnownFileType = file.storyboard; name = Base; path = Base.lproj/Main.storyboard; sourceTree = "<group>"; };
		ADFAD0C12B2CF02E00F9DB77 /* WhereAreMyToilets.xcdatamodel */ = {isa = PBXFileReference; lastKnownFileType = wrapper.xcdatamodel; path = WhereAreMyToilets.xcdatamodel; sourceTree = "<group>"; };
		ADFAD0C32B2CF03100F9DB77 /* Assets.xcassets */ = {isa = PBXFileReference; lastKnownFileType = folder.assetcatalog; path = Assets.xcassets; sourceTree = "<group>"; };
		ADFAD0C62B2CF03100F9DB77 /* Base */ = {isa = PBXFileReference; lastKnownFileType = file.storyboard; name = Base; path = Base.lproj/LaunchScreen.storyboard; sourceTree = "<group>"; };
		ADFAD0C82B2CF03100F9DB77 /* Info.plist */ = {isa = PBXFileReference; lastKnownFileType = text.plist.xml; path = Info.plist; sourceTree = "<group>"; };
		ADFAD0CD2B2CF03100F9DB77 /* WhereAreMyToiletsTests.xctest */ = {isa = PBXFileReference; explicitFileType = wrapper.cfbundle; includeInIndex = 0; path = WhereAreMyToiletsTests.xctest; sourceTree = BUILT_PRODUCTS_DIR; };
		ADFAD0D12B2CF03100F9DB77 /* WhereAreMyToiletsTests.swift */ = {isa = PBXFileReference; lastKnownFileType = sourcecode.swift; path = WhereAreMyToiletsTests.swift; sourceTree = "<group>"; };
		ADFAD0D72B2CF03100F9DB77 /* WhereAreMyToiletsUITests.xctest */ = {isa = PBXFileReference; explicitFileType = wrapper.cfbundle; includeInIndex = 0; path = WhereAreMyToiletsUITests.xctest; sourceTree = BUILT_PRODUCTS_DIR; };
		ADFAD0DB2B2CF03100F9DB77 /* WhereAreMyToiletsUITests.swift */ = {isa = PBXFileReference; lastKnownFileType = sourcecode.swift; path = WhereAreMyToiletsUITests.swift; sourceTree = "<group>"; };
		ADFAD0DD2B2CF03100F9DB77 /* WhereAreMyToiletsUITestsLaunchTests.swift */ = {isa = PBXFileReference; lastKnownFileType = sourcecode.swift; path = WhereAreMyToiletsUITestsLaunchTests.swift; sourceTree = "<group>"; };
/* End PBXFileReference section */

/* Begin PBXFrameworksBuildPhase section */
		ADFAD0B12B2CF02E00F9DB77 /* Frameworks */ = {
			isa = PBXFrameworksBuildPhase;
			buildActionMask = 2147483647;
			files = (
			);
			runOnlyForDeploymentPostprocessing = 0;
		};
		ADFAD0CA2B2CF03100F9DB77 /* Frameworks */ = {
			isa = PBXFrameworksBuildPhase;
			buildActionMask = 2147483647;
			files = (
			);
			runOnlyForDeploymentPostprocessing = 0;
		};
		ADFAD0D42B2CF03100F9DB77 /* Frameworks */ = {
			isa = PBXFrameworksBuildPhase;
			buildActionMask = 2147483647;
			files = (
			);
			runOnlyForDeploymentPostprocessing = 0;
		};
/* End PBXFrameworksBuildPhase section */

/* Begin PBXGroup section */
		ADFAD0AB2B2CF02E00F9DB77 = {
			isa = PBXGroup;
			children = (
				ADFAD0B62B2CF02E00F9DB77 /* WhereAreMyToilets */,
				ADFAD0D02B2CF03100F9DB77 /* WhereAreMyToiletsTests */,
				ADFAD0DA2B2CF03100F9DB77 /* WhereAreMyToiletsUITests */,
				ADFAD0B52B2CF02E00F9DB77 /* Products */,
			);
			sourceTree = "<group>";
		};
		ADFAD0B52B2CF02E00F9DB77 /* Products */ = {
			isa = PBXGroup;
			children = (
				ADFAD0B42B2CF02E00F9DB77 /* WhereAreMyToilets.app */,
				ADFAD0CD2B2CF03100F9DB77 /* WhereAreMyToiletsTests.xctest */,
				ADFAD0D72B2CF03100F9DB77 /* WhereAreMyToiletsUITests.xctest */,
			);
			name = Products;
			sourceTree = "<group>";
		};
		ADFAD0B62B2CF02E00F9DB77 /* WhereAreMyToilets */ = {
			isa = PBXGroup;
			children = (
				ADFAD0B72B2CF02E00F9DB77 /* AppDelegate.swift */,
				ADFAD0B92B2CF02E00F9DB77 /* SceneDelegate.swift */,
				ADFAD0BB2B2CF02E00F9DB77 /* ViewController.swift */,
				ADFAD0BD2B2CF02E00F9DB77 /* Main.storyboard */,
				ADFAD0C32B2CF03100F9DB77 /* Assets.xcassets */,
				ADFAD0C52B2CF03100F9DB77 /* LaunchScreen.storyboard */,
				ADFAD0C82B2CF03100F9DB77 /* Info.plist */,
				ADFAD0C02B2CF02E00F9DB77 /* WhereAreMyToilets.xcdatamodeld */,
			);
			path = WhereAreMyToilets;
			sourceTree = "<group>";
		};
		ADFAD0D02B2CF03100F9DB77 /* WhereAreMyToiletsTests */ = {
			isa = PBXGroup;
			children = (
				ADFAD0D12B2CF03100F9DB77 /* WhereAreMyToiletsTests.swift */,
			);
			path = WhereAreMyToiletsTests;
			sourceTree = "<group>";
		};
		ADFAD0DA2B2CF03100F9DB77 /* WhereAreMyToiletsUITests */ = {
			isa = PBXGroup;
			children = (
				ADFAD0DB2B2CF03100F9DB77 /* WhereAreMyToiletsUITests.swift */,
				ADFAD0DD2B2CF03100F9DB77 /* WhereAreMyToiletsUITestsLaunchTests.swift */,
			);
			path = WhereAreMyToiletsUITests;
			sourceTree = "<group>";
		};
/* End PBXGroup section */

/* Begin PBXNativeTarget section */
		ADFAD0B32B2CF02E00F9DB77 /* WhereAreMyToilets */ = {
			isa = PBXNativeTarget;
			buildConfigurationList = ADFAD0E12B2CF03100F9DB77 /* Build configuration list for PBXNativeTarget "WhereAreMyToilets" */;
			buildPhases = (
				ADFAD0B02B2CF02E00F9DB77 /* Sources */,
				ADFAD0B12B2CF02E00F9DB77 /* Frameworks */,
				ADFAD0B22B2CF02E00F9DB77 /* Resources */,
			);
			buildRules = (
			);
			dependencies = (
			);
			name = WhereAreMyToilets;
			productName = WhereAreMyToilets;
			productReference = ADFAD0B42B2CF02E00F9DB77 /* WhereAreMyToilets.app */;
			productType = "com.apple.product-type.application";
		};
		ADFAD0CC2B2CF03100F9DB77 /* WhereAreMyToiletsTests */ = {
			isa = PBXNativeTarget;
			buildConfigurationList = ADFAD0E42B2CF03100F9DB77 /* Build configuration list for PBXNativeTarget "WhereAreMyToiletsTests" */;
			buildPhases = (
				ADFAD0C92B2CF03100F9DB77 /* Sources */,
				ADFAD0CA2B2CF03100F9DB77 /* Frameworks */,
				ADFAD0CB2B2CF03100F9DB77 /* Resources */,
			);
			buildRules = (
			);
			dependencies = (
				ADFAD0CF2B2CF03100F9DB77 /* PBXTargetDependency */,
			);
			name = WhereAreMyToiletsTests;
			productName = WhereAreMyToiletsTests;
			productReference = ADFAD0CD2B2CF03100F9DB77 /* WhereAreMyToiletsTests.xctest */;
			productType = "com.apple.product-type.bundle.unit-test";
		};
		ADFAD0D62B2CF03100F9DB77 /* WhereAreMyToiletsUITests */ = {
			isa = PBXNativeTarget;
			buildConfigurationList = ADFAD0E72B2CF03100F9DB77 /* Build configuration list for PBXNativeTarget "WhereAreMyToiletsUITests" */;
			buildPhases = (
				ADFAD0D32B2CF03100F9DB77 /* Sources */,
				ADFAD0D42B2CF03100F9DB77 /* Frameworks */,
				ADFAD0D52B2CF03100F9DB77 /* Resources */,
			);
			buildRules = (
			);
			dependencies = (
				ADFAD0D92B2CF03100F9DB77 /* PBXTargetDependency */,
			);
			name = WhereAreMyToiletsUITests;
			productName = WhereAreMyToiletsUITests;
			productReference = ADFAD0D72B2CF03100F9DB77 /* WhereAreMyToiletsUITests.xctest */;
			productType = "com.apple.product-type.bundle.ui-testing";
		};
/* End PBXNativeTarget section */

/* Begin PBXProject section */
		ADFAD0AC2B2CF02E00F9DB77 /* Project object */ = {
			isa = PBXProject;
			attributes = {
				BuildIndependentTargetsInParallel = 1;
				LastSwiftUpdateCheck = 1510;
				LastUpgradeCheck = 1510;
				TargetAttributes = {
					ADFAD0B32B2CF02E00F9DB77 = {
						CreatedOnToolsVersion = 15.1;
					};
					ADFAD0CC2B2CF03100F9DB77 = {
						CreatedOnToolsVersion = 15.1;
						TestTargetID = ADFAD0B32B2CF02E00F9DB77;
					};
					ADFAD0D62B2CF03100F9DB77 = {
						CreatedOnToolsVersion = 15.1;
						TestTargetID = ADFAD0B32B2CF02E00F9DB77;
					};
				};
			};
			buildConfigurationList = ADFAD0AF2B2CF02E00F9DB77 /* Build configuration list for PBXProject "WhereAreMyToilets" */;
			compatibilityVersion = "Xcode 14.0";
			developmentRegion = en;
			hasScannedForEncodings = 0;
			knownRegions = (
				en,
				Base,
			);
			mainGroup = ADFAD0AB2B2CF02E00F9DB77;
			productRefGroup = ADFAD0B52B2CF02E00F9DB77 /* Products */;
			projectDirPath = "";
			projectRoot = "";
			targets = (
				ADFAD0B32B2CF02E00F9DB77 /* WhereAreMyToilets */,
				ADFAD0CC2B2CF03100F9DB77 /* WhereAreMyToiletsTests */,
				ADFAD0D62B2CF03100F9DB77 /* WhereAreMyToiletsUITests */,
			);
		};
/* End PBXProject section */

/* Begin PBXResourcesBuildPhase section */
		ADFAD0B22B2CF02E00F9DB77 /* Resources */ = {
			isa = PBXResourcesBuildPhase;
			buildActionMask = 2147483647;
			files = (
				ADFAD0C72B2CF03100F9DB77 /* LaunchScreen.storyboard in Resources */,
				ADFAD0C42B2CF03100F9DB77 /* Assets.xcassets in Resources */,
				ADFAD0BF2B2CF02E00F9DB77 /* Main.storyboard in Resources */,
			);
			runOnlyForDeploymentPostprocessing = 0;
		};
		ADFAD0CB2B2CF03100F9DB77 /* Resources */ = {
			isa = PBXResourcesBuildPhase;
			buildActionMask = 2147483647;
			files = (
			);
			runOnlyForDeploymentPostprocessing = 0;
		};
		ADFAD0D52B2CF03100F9DB77 /* Resources */ = {
			isa = PBXResourcesBuildPhase;
			buildActionMask = 2147483647;
			files = (
			);
			runOnlyForDeploymentPostprocessing = 0;
		};
/* End PBXResourcesBuildPhase section */

/* Begin PBXSourcesBuildPhase section */
		ADFAD0B02B2CF02E00F9DB77 /* Sources */ = {
			isa = PBXSourcesBuildPhase;
			buildActionMask = 2147483647;
			files = (
				ADFAD0BC2B2CF02E00F9DB77 /* ViewController.swift in Sources */,
				ADFAD0B82B2CF02E00F9DB77 /* AppDelegate.swift in Sources */,
				ADFAD0BA2B2CF02E00F9DB77 /* SceneDelegate.swift in Sources */,
				ADFAD0C22B2CF02E00F9DB77 /* WhereAreMyToilets.xcdatamodeld in Sources */,
			);
			runOnlyForDeploymentPostprocessing = 0;
		};
		ADFAD0C92B2CF03100F9DB77 /* Sources */ = {
			isa = PBXSourcesBuildPhase;
			buildActionMask = 2147483647;
			files = (
				ADFAD0D22B2CF03100F9DB77 /* WhereAreMyToiletsTests.swift in Sources */,
			);
			runOnlyForDeploymentPostprocessing = 0;
		};
		ADFAD0D32B2CF03100F9DB77 /* Sources */ = {
			isa = PBXSourcesBuildPhase;
			buildActionMask = 2147483647;
			files = (
				ADFAD0DE2B2CF03100F9DB77 /* WhereAreMyToiletsUITestsLaunchTests.swift in Sources */,
				ADFAD0DC2B2CF03100F9DB77 /* WhereAreMyToiletsUITests.swift in Sources */,
			);
			runOnlyForDeploymentPostprocessing = 0;
		};
/* End PBXSourcesBuildPhase section */

/* Begin PBXTargetDependency section */
		ADFAD0CF2B2CF03100F9DB77 /* PBXTargetDependency */ = {
			isa = PBXTargetDependency;
			target = ADFAD0B32B2CF02E00F9DB77 /* WhereAreMyToilets */;
			targetProxy = ADFAD0CE2B2CF03100F9DB77 /* PBXContainerItemProxy */;
		};
		ADFAD0D92B2CF03100F9DB77 /* PBXTargetDependency */ = {
			isa = PBXTargetDependency;
			target = ADFAD0B32B2CF02E00F9DB77 /* WhereAreMyToilets */;
			targetProxy = ADFAD0D82B2CF03100F9DB77 /* PBXContainerItemProxy */;
		};
/* End PBXTargetDependency section */

/* Begin PBXVariantGroup section */
		ADFAD0BD2B2CF02E00F9DB77 /* Main.storyboard */ = {
			isa = PBXVariantGroup;
			children = (
				ADFAD0BE2B2CF02E00F9DB77 /* Base */,
			);
			name = Main.storyboard;
			sourceTree = "<group>";
		};
		ADFAD0C52B2CF03100F9DB77 /* LaunchScreen.storyboard */ = {
			isa = PBXVariantGroup;
			children = (
				ADFAD0C62B2CF03100F9DB77 /* Base */,
			);
			name = LaunchScreen.storyboard;
			sourceTree = "<group>";
		};
/* End PBXVariantGroup section */

/* Begin XCBuildConfiguration section */
		ADFAD0DF2B2CF03100F9DB77 /* Debug */ = {
			isa = XCBuildConfiguration;
			buildSettings = {
				ALWAYS_SEARCH_USER_PATHS = NO;
				ASSETCATALOG_COMPILER_GENERATE_SWIFT_ASSET_SYMBOL_EXTENSIONS = YES;
				CLANG_ANALYZER_NONNULL = YES;
				CLANG_ANALYZER_NUMBER_OBJECT_CONVERSION = YES_AGGRESSIVE;
				CLANG_CXX_LANGUAGE_STANDARD = "gnu++20";
				CLANG_ENABLE_MODULES = YES;
				CLANG_ENABLE_OBJC_ARC = YES;
				CLANG_ENABLE_OBJC_WEAK = YES;
				CLANG_WARN_BLOCK_CAPTURE_AUTORELEASING = YES;
				CLANG_WARN_BOOL_CONVERSION = YES;
				CLANG_WARN_COMMA = YES;
				CLANG_WARN_CONSTANT_CONVERSION = YES;
				CLANG_WARN_DEPRECATED_OBJC_IMPLEMENTATIONS = YES;
				CLANG_WARN_DIRECT_OBJC_ISA_USAGE = YES_ERROR;
				CLANG_WARN_DOCUMENTATION_COMMENTS = YES;
				CLANG_WARN_EMPTY_BODY = YES;
				CLANG_WARN_ENUM_CONVERSION = YES;
				CLANG_WARN_INFINITE_RECURSION = YES;
				CLANG_WARN_INT_CONVERSION = YES;
				CLANG_WARN_NON_LITERAL_NULL_CONVERSION = YES;
				CLANG_WARN_OBJC_IMPLICIT_RETAIN_SELF = YES;
				CLANG_WARN_OBJC_LITERAL_CONVERSION = YES;
				CLANG_WARN_OBJC_ROOT_CLASS = YES_ERROR;
				CLANG_WARN_QUOTED_INCLUDE_IN_FRAMEWORK_HEADER = YES;
				CLANG_WARN_RANGE_LOOP_ANALYSIS = YES;
				CLANG_WARN_STRICT_PROTOTYPES = YES;
				CLANG_WARN_SUSPICIOUS_MOVE = YES;
				CLANG_WARN_UNGUARDED_AVAILABILITY = YES_AGGRESSIVE;
				CLANG_WARN_UNREACHABLE_CODE = YES;
				CLANG_WARN__DUPLICATE_METHOD_MATCH = YES;
				COPY_PHASE_STRIP = NO;
				DEBUG_INFORMATION_FORMAT = dwarf;
				ENABLE_STRICT_OBJC_MSGSEND = YES;
				ENABLE_TESTABILITY = YES;
				ENABLE_USER_SCRIPT_SANDBOXING = YES;
				GCC_C_LANGUAGE_STANDARD = gnu17;
				GCC_DYNAMIC_NO_PIC = NO;
				GCC_NO_COMMON_BLOCKS = YES;
				GCC_OPTIMIZATION_LEVEL = 0;
				GCC_PREPROCESSOR_DEFINITIONS = (
					"DEBUG=1",
					"$(inherited)",
				);
				GCC_WARN_64_TO_32_BIT_CONVERSION = YES;
				GCC_WARN_ABOUT_RETURN_TYPE = YES_ERROR;
				GCC_WARN_UNDECLARED_SELECTOR = YES;
				GCC_WARN_UNINITIALIZED_AUTOS = YES_AGGRESSIVE;
				GCC_WARN_UNUSED_FUNCTION = YES;
				GCC_WARN_UNUSED_VARIABLE = YES;
				IPHONEOS_DEPLOYMENT_TARGET = 17.2;
				LOCALIZATION_PREFERS_STRING_CATALOGS = YES;
				MTL_ENABLE_DEBUG_INFO = INCLUDE_SOURCE;
				MTL_FAST_MATH = YES;
				ONLY_ACTIVE_ARCH = YES;
				SDKROOT = iphoneos;
				SWIFT_ACTIVE_COMPILATION_CONDITIONS = "DEBUG $(inherited)";
				SWIFT_OPTIMIZATION_LEVEL = "-Onone";
			};
			name = Debug;
		};
		ADFAD0E02B2CF03100F9DB77 /* Release */ = {
			isa = XCBuildConfiguration;
			buildSettings = {
				ALWAYS_SEARCH_USER_PATHS = NO;
				ASSETCATALOG_COMPILER_GENERATE_SWIFT_ASSET_SYMBOL_EXTENSIONS = YES;
				CLANG_ANALYZER_NONNULL = YES;
				CLANG_ANALYZER_NUMBER_OBJECT_CONVERSION = YES_AGGRESSIVE;
				CLANG_CXX_LANGUAGE_STANDARD = "gnu++20";
				CLANG_ENABLE_MODULES = YES;
				CLANG_ENABLE_OBJC_ARC = YES;
				CLANG_ENABLE_OBJC_WEAK = YES;
				CLANG_WARN_BLOCK_CAPTURE_AUTORELEASING = YES;
				CLANG_WARN_BOOL_CONVERSION = YES;
				CLANG_WARN_COMMA = YES;
				CLANG_WARN_CONSTANT_CONVERSION = YES;
				CLANG_WARN_DEPRECATED_OBJC_IMPLEMENTATIONS = YES;
				CLANG_WARN_DIRECT_OBJC_ISA_USAGE = YES_ERROR;
				CLANG_WARN_DOCUMENTATION_COMMENTS = YES;
				CLANG_WARN_EMPTY_BODY = YES;
				CLANG_WARN_ENUM_CONVERSION = YES;
				CLANG_WARN_INFINITE_RECURSION = YES;
				CLANG_WARN_INT_CONVERSION = YES;
				CLANG_WARN_NON_LITERAL_NULL_CONVERSION = YES;
				CLANG_WARN_OBJC_IMPLICIT_RETAIN_SELF = YES;
				CLANG_WARN_OBJC_LITERAL_CONVERSION = YES;
				CLANG_WARN_OBJC_ROOT_CLASS = YES_ERROR;
				CLANG_WARN_QUOTED_INCLUDE_IN_FRAMEWORK_HEADER = YES;
				CLANG_WARN_RANGE_LOOP_ANALYSIS = YES;
				CLANG_WARN_STRICT_PROTOTYPES = YES;
				CLANG_WARN_SUSPICIOUS_MOVE = YES;
				CLANG_WARN_UNGUARDED_AVAILABILITY = YES_AGGRESSIVE;
				CLANG_WARN_UNREACHABLE_CODE = YES;
				CLANG_WARN__DUPLICATE_METHOD_MATCH = YES;
				COPY_PHASE_STRIP = NO;
				DEBUG_INFORMATION_FORMAT = "dwarf-with-dsym";
				ENABLE_NS_ASSERTIONS = NO;
				ENABLE_STRICT_OBJC_MSGSEND = YES;
				ENABLE_USER_SCRIPT_SANDBOXING = YES;
				GCC_C_LANGUAGE_STANDARD = gnu17;
				GCC_NO_COMMON_BLOCKS = YES;
				GCC_WARN_64_TO_32_BIT_CONVERSION = YES;
				GCC_WARN_ABOUT_RETURN_TYPE = YES_ERROR;
				GCC_WARN_UNDECLARED_SELECTOR = YES;
				GCC_WARN_UNINITIALIZED_AUTOS = YES_AGGRESSIVE;
				GCC_WARN_UNUSED_FUNCTION = YES;
				GCC_WARN_UNUSED_VARIABLE = YES;
				IPHONEOS_DEPLOYMENT_TARGET = 17.2;
				LOCALIZATION_PREFERS_STRING_CATALOGS = YES;
				MTL_ENABLE_DEBUG_INFO = NO;
				MTL_FAST_MATH = YES;
				SDKROOT = iphoneos;
				SWIFT_COMPILATION_MODE = wholemodule;
				VALIDATE_PRODUCT = YES;
			};
			name = Release;
		};
		ADFAD0E22B2CF03100F9DB77 /* Debug */ = {
			isa = XCBuildConfiguration;
			buildSettings = {
				ASSETCATALOG_COMPILER_APPICON_NAME = AppIcon;
				ASSETCATALOG_COMPILER_GLOBAL_ACCENT_COLOR_NAME = AccentColor;
				CODE_SIGN_STYLE = Automatic;
				CURRENT_PROJECT_VERSION = 1;
				GENERATE_INFOPLIST_FILE = YES;
				INFOPLIST_FILE = WhereAreMyToilets/Info.plist;
				INFOPLIST_KEY_UIApplicationSupportsIndirectInputEvents = YES;
				INFOPLIST_KEY_UILaunchStoryboardName = LaunchScreen;
				INFOPLIST_KEY_UIMainStoryboardFile = Main;
				INFOPLIST_KEY_UISupportedInterfaceOrientations_iPad = "UIInterfaceOrientationPortrait UIInterfaceOrientationPortraitUpsideDown UIInterfaceOrientationLandscapeLeft UIInterfaceOrientationLandscapeRight";
				INFOPLIST_KEY_UISupportedInterfaceOrientations_iPhone = "UIInterfaceOrientationPortrait UIInterfaceOrientationLandscapeLeft UIInterfaceOrientationLandscapeRight";
				LD_RUNPATH_SEARCH_PATHS = (
					"$(inherited)",
					"@executable_path/Frameworks",
				);
				MARKETING_VERSION = 1.0;
				PRODUCT_BUNDLE_IDENTIFIER = me.WhereAreMyToilets;
				PRODUCT_NAME = "$(TARGET_NAME)";
				SWIFT_EMIT_LOC_STRINGS = YES;
				SWIFT_VERSION = 5.0;
				TARGETED_DEVICE_FAMILY = "1,2";
			};
			name = Debug;
		};
		ADFAD0E32B2CF03100F9DB77 /* Release */ = {
			isa = XCBuildConfiguration;
			buildSettings = {
				ASSETCATALOG_COMPILER_APPICON_NAME = AppIcon;
				ASSETCATALOG_COMPILER_GLOBAL_ACCENT_COLOR_NAME = AccentColor;
				CODE_SIGN_STYLE = Automatic;
				CURRENT_PROJECT_VERSION = 1;
				GENERATE_INFOPLIST_FILE = YES;
				INFOPLIST_FILE = WhereAreMyToilets/Info.plist;
				INFOPLIST_KEY_UIApplicationSupportsIndirectInputEvents = YES;
				INFOPLIST_KEY_UILaunchStoryboardName = LaunchScreen;
				INFOPLIST_KEY_UIMainStoryboardFile = Main;
				INFOPLIST_KEY_UISupportedInterfaceOrientations_iPad = "UIInterfaceOrientationPortrait UIInterfaceOrientationPortraitUpsideDown UIInterfaceOrientationLandscapeLeft UIInterfaceOrientationLandscapeRight";
				INFOPLIST_KEY_UISupportedInterfaceOrientations_iPhone = "UIInterfaceOrientationPortrait UIInterfaceOrientationLandscapeLeft UIInterfaceOrientationLandscapeRight";
				LD_RUNPATH_SEARCH_PATHS = (
					"$(inherited)",
					"@executable_path/Frameworks",
				);
				MARKETING_VERSION = 1.0;
				PRODUCT_BUNDLE_IDENTIFIER = me.WhereAreMyToilets;
				PRODUCT_NAME = "$(TARGET_NAME)";
				SWIFT_EMIT_LOC_STRINGS = YES;
				SWIFT_VERSION = 5.0;
				TARGETED_DEVICE_FAMILY = "1,2";
			};
			name = Release;
		};
		ADFAD0E52B2CF03100F9DB77 /* Debug */ = {
			isa = XCBuildConfiguration;
			buildSettings = {
				ALWAYS_EMBED_SWIFT_STANDARD_LIBRARIES = YES;
				BUNDLE_LOADER = "$(TEST_HOST)";
				CODE_SIGN_STYLE = Automatic;
				CURRENT_PROJECT_VERSION = 1;
				GENERATE_INFOPLIST_FILE = YES;
				IPHONEOS_DEPLOYMENT_TARGET = 17.2;
				MARKETING_VERSION = 1.0;
				PRODUCT_BUNDLE_IDENTIFIER = me.WhereAreMyToiletsTests;
				PRODUCT_NAME = "$(TARGET_NAME)";
				SWIFT_EMIT_LOC_STRINGS = NO;
				SWIFT_VERSION = 5.0;
				TARGETED_DEVICE_FAMILY = "1,2";
				TEST_HOST = "$(BUILT_PRODUCTS_DIR)/WhereAreMyToilets.app/$(BUNDLE_EXECUTABLE_FOLDER_PATH)/WhereAreMyToilets";
			};
			name = Debug;
		};
		ADFAD0E62B2CF03100F9DB77 /* Release */ = {
			isa = XCBuildConfiguration;
			buildSettings = {
				ALWAYS_EMBED_SWIFT_STANDARD_LIBRARIES = YES;
				BUNDLE_LOADER = "$(TEST_HOST)";
				CODE_SIGN_STYLE = Automatic;
				CURRENT_PROJECT_VERSION = 1;
				GENERATE_INFOPLIST_FILE = YES;
				IPHONEOS_DEPLOYMENT_TARGET = 17.2;
				MARKETING_VERSION = 1.0;
				PRODUCT_BUNDLE_IDENTIFIER = me.WhereAreMyToiletsTests;
				PRODUCT_NAME = "$(TARGET_NAME)";
				SWIFT_EMIT_LOC_STRINGS = NO;
				SWIFT_VERSION = 5.0;
				TARGETED_DEVICE_FAMILY = "1,2";
				TEST_HOST = "$(BUILT_PRODUCTS_DIR)/WhereAreMyToilets.app/$(BUNDLE_EXECUTABLE_FOLDER_PATH)/WhereAreMyToilets";
			};
			name = Release;
		};
		ADFAD0E82B2CF03100F9DB77 /* Debug */ = {
			isa = XCBuildConfiguration;
			buildSettings = {
				ALWAYS_EMBED_SWIFT_STANDARD_LIBRARIES = YES;
				CODE_SIGN_STYLE = Automatic;
				CURRENT_PROJECT_VERSION = 1;
				GENERATE_INFOPLIST_FILE = YES;
				MARKETING_VERSION = 1.0;
				PRODUCT_BUNDLE_IDENTIFIER = me.WhereAreMyToiletsUITests;
				PRODUCT_NAME = "$(TARGET_NAME)";
				SWIFT_EMIT_LOC_STRINGS = NO;
				SWIFT_VERSION = 5.0;
				TARGETED_DEVICE_FAMILY = "1,2";
				TEST_TARGET_NAME = WhereAreMyToilets;
			};
			name = Debug;
		};
		ADFAD0E92B2CF03100F9DB77 /* Release */ = {
			isa = XCBuildConfiguration;
			buildSettings = {
				ALWAYS_EMBED_SWIFT_STANDARD_LIBRARIES = YES;
				CODE_SIGN_STYLE = Automatic;
				CURRENT_PROJECT_VERSION = 1;
				GENERATE_INFOPLIST_FILE = YES;
				MARKETING_VERSION = 1.0;
				PRODUCT_BUNDLE_IDENTIFIER = me.WhereAreMyToiletsUITests;
				PRODUCT_NAME = "$(TARGET_NAME)";
				SWIFT_EMIT_LOC_STRINGS = NO;
				SWIFT_VERSION = 5.0;
				TARGETED_DEVICE_FAMILY = "1,2";
				TEST_TARGET_NAME = WhereAreMyToilets;
			};
			name = Release;
		};
/* End XCBuildConfiguration section */

/* Begin XCConfigurationList section */
		ADFAD0AF2B2CF02E00F9DB77 /* Build configuration list for PBXProject "WhereAreMyToilets" */ = {
			isa = XCConfigurationList;
			buildConfigurations = (
				ADFAD0DF2B2CF03100F9DB77 /* Debug */,
				ADFAD0E02B2CF03100F9DB77 /* Release */,
			);
			defaultConfigurationIsVisible = 0;
			defaultConfigurationName = Release;
		};
		ADFAD0E12B2CF03100F9DB77 /* Build configuration list for PBXNativeTarget "WhereAreMyToilets" */ = {
			isa = XCConfigurationList;
			buildConfigurations = (
				ADFAD0E22B2CF03100F9DB77 /* Debug */,
				ADFAD0E32B2CF03100F9DB77 /* Release */,
			);
			defaultConfigurationIsVisible = 0;
			defaultConfigurationName = Release;
		};
		ADFAD0E42B2CF03100F9DB77 /* Build configuration list for PBXNativeTarget "WhereAreMyToiletsTests" */ = {
			isa = XCConfigurationList;
			buildConfigurations = (
				ADFAD0E52B2CF03100F9DB77 /* Debug */,
				ADFAD0E62B2CF03100F9DB77 /* Release */,
			);
			defaultConfigurationIsVisible = 0;
			defaultConfigurationName = Release;
		};
		ADFAD0E72B2CF03100F9DB77 /* Build configuration list for PBXNativeTarget "WhereAreMyToiletsUITests" */ = {
			isa = XCConfigurationList;
			buildConfigurations = (
				ADFAD0E82B2CF03100F9DB77 /* Debug */,
				ADFAD0E92B2CF03100F9DB77 /* Release */,
			);
			defaultConfigurationIsVisible = 0;
			defaultConfigurationName = Release;
		};
/* End XCConfigurationList section */

/* Begin XCVersionGroup section */
		ADFAD0C02B2CF02E00F9DB77 /* WhereAreMyToilets.xcdatamodeld */ = {
			isa = XCVersionGroup;
			children = (
				ADFAD0C12B2CF02E00F9DB77 /* WhereAreMyToilets.xcdatamodel */,
			);
			currentVersion = ADFAD0C12B2CF02E00F9DB77 /* WhereAreMyToilets.xcdatamodel */;
			path = WhereAreMyToilets.xcdatamodeld;
			sourceTree = "<group>";
			versionGroupType = wrapper.xcdatamodel;
		};
/* End XCVersionGroup section */
	};
	rootObject = ADFAD0AC2B2CF02E00F9DB77 /* Project object */;
}
